
Microsoft Visual Studio Solution File, Format Version 12.00
# Visual Studio 15
VisualStudioVersion = 15.0.27703.2042
MinimumVisualStudioVersion = 10.0.40219.1
Project("{FAE04EC0-301F-11D3-BF4B-00C04F79EFBC}") = "UserCenter.Services", "UserCenter.Services\UserCenter.Services.csproj", "{51B77522-462C-4372-8416-F107B60ED707}"
EndProject
Project("{FAE04EC0-301F-11D3-BF4B-00C04F79EFBC}") = "UserCenter.IServices", "UserCenter.IServices\UserCenter.IServices.csproj", "{B27A23D5-E4B3-4D9F-B250-808A13B6CE10}"
EndProject
Project("{FAE04EC0-301F-11D3-BF4B-00C04F79EFBC}") = "UserCenter.DTO", "UserCenter.DTO\UserCenter.DTO.csproj", "{39B6C719-5A30-4039-BF45-74061E68A70D}"
EndProject
Project("{FAE04EC0-301F-11D3-BF4B-00C04F79EFBC}") = "UserCenter.Common", "UserCenter.Common\UserCenter.Common.csproj", "{E922EA81-8B8A-405A-89EE-7014F9E37DC2}"
EndProject
Project("{FAE04EC0-301F-11D3-BF4B-00C04F79EFBC}") = "UserCenter.OpenAPI", "UserCenter.OpenAPI\UserCenter.OpenAPI.csproj", "{813BD495-0FB4-41A6-977C-1E61520D3F52}"
EndProject
Global
	GlobalSection(SolutionConfigurationPlatforms) = preSolution
		Debug|Any CPU = Debug|Any CPU
		Release|Any CPU = Release|Any CPU
	EndGlobalSection
	GlobalSection(ProjectConfigurationPlatforms) = postSolution
		{51B77522-462C-4372-8416-F107B60ED707}.Debug|Any CPU.ActiveCfg = Debug|Any CPU
		{51B77522-462C-4372-8416-F107B60ED707}.Debug|Any CPU.Build.0 = Debug|Any CPU
		{51B77522-462C-4372-8416-F107B60ED707}.Release|Any CPU.ActiveCfg = Release|Any CPU
		{51B77522-462C-4372-8416-F107B60ED707}.Release|Any CPU.Build.0 = Release|Any CPU
		{B27A23D5-E4B3-4D9F-B250-808A13B6CE10}.Debug|Any CPU.ActiveCfg = Debug|Any CPU
		{B27A23D5-E4B3-4D9F-B250-808A13B6CE10}.Debug|Any CPU.Build.0 = Debug|Any CPU
		{B27A23D5-E4B3-4D9F-B250-808A13B6CE10}.Release|Any CPU.ActiveCfg = Release|Any CPU
		{B27A23D5-E4B3-4D9F-B250-808A13B6CE10}.Release|Any CPU.Build.0 = Release|Any CPU
		{39B6C719-5A30-4039-BF45-74061E68A70D}.Debug|Any CPU.ActiveCfg = Debug|Any CPU
		{39B6C719-5A30-4039-BF45-74061E68A70D}.Debug|Any CPU.Build.0 = Debug|Any CPU
		{39B6C719-5A30-4039-BF45-74061E68A70D}.Release|Any CPU.ActiveCfg = Release|Any CPU
		{39B6C719-5A30-4039-BF45-74061E68A70D}.Release|Any CPU.Build.0 = Release|Any CPU
		{E922EA81-8B8A-405A-89EE-7014F9E37DC2}.Debug|Any CPU.ActiveCfg = Debug|Any CPU
		{E922EA81-8B8A-405A-89EE-7014F9E37DC2}.Debug|Any CPU.Build.0 = Debug|Any CPU
		{E922EA81-8B8A-405A-89EE-7014F9E37DC2}.Release|Any CPU.ActiveCfg = Release|Any CPU
		{E922EA81-8B8A-405A-89EE-7014F9E37DC2}.Release|Any CPU.Build.0 = Release|Any CPU
		{813BD495-0FB4-41A6-977C-1E61520D3F52}.Debug|Any CPU.ActiveCfg = Debug|Any CPU
		{813BD495-0FB4-41A6-977C-1E61520D3F52}.Debug|Any CPU.Build.0 = Debug|Any CPU
		{813BD495-0FB4-41A6-977C-1E61520D3F52}.Release|Any CPU.ActiveCfg = Release|Any CPU
		{813BD495-0FB4-41A6-977C-1E61520D3F52}.Release|Any CPU.Build.0 = Release|Any CPU
	EndGlobalSection
	GlobalSection(SolutionProperties) = preSolution
		HideSolutionNode = FALSE
	EndGlobalSection
	GlobalSection(ExtensibilityGlobals) = postSolution
		SolutionGuid = {4BE0D0E1-E084-480E-9832-15924D913A4E}
	EndGlobalSection
EndGlobal
